
Microsoft Visual Studio Solution File, Format Version 11.00
# Visual Studio 2010
Project("{FAE04EC0-301F-11D3-BF4B-00C04F79EFBC}") = "ZebraUtils", "ZebraUtils\ZebraUtils.csproj", "{977CE891-DCA0-4BC9-9C48-65E6B86B4418}"
EndProject
Global
	GlobalSection(SolutionConfigurationPlatforms) = preSolution
		Debug|Any CPU = Debug|Any CPU
		Release|Any CPU = Release|Any CPU
	EndGlobalSection
	GlobalSection(ProjectConfigurationPlatforms) = postSolution
		{977CE891-DCA0-4BC9-9C48-65E6B86B4418}.Debug|Any CPU.ActiveCfg = Debug|Any CPU
		{977CE891-DCA0-4BC9-9C48-65E6B86B4418}.Debug|Any CPU.Build.0 = Debug|Any CPU
		{977CE891-DCA0-4BC9-9C48-65E6B86B4418}.Release|Any CPU.ActiveCfg = Release|Any CPU
		{977CE891-DCA0-4BC9-9C48-65E6B86B4418}.Release|Any CPU.Build.0 = Release|Any CPU
	EndGlobalSection
	GlobalSection(SolutionProperties) = preSolution
		HideSolutionNode = FALSE
	EndGlobalSection
EndGlobal
